// !$*UTF8*$!
{
	archiveVersion = 1;
	classes = {
	};
	objectVersion = 51;
	objects = {

/* Begin PBXBuildFile section */
		1AA16275A57E4E90FE78FB07 /* Pods_PokeQuiz.framework in Frameworks */ = {isa = PBXBuildFile; fileRef = 4554E2534F23B2B99F81DABF /* Pods_PokeQuiz.framework */; };
		4010AD7723110F4E0001E48B /* SettingTableViewController.swift in Sources */ = {isa = PBXBuildFile; fileRef = 4010AD7623110F4E0001E48B /* SettingTableViewController.swift */; };
		4075815322B929A2002C8E4E /* TanukiMagic.ttf in Resources */ = {isa = PBXBuildFile; fileRef = 4075815222B929A2002C8E4E /* TanukiMagic.ttf */; };
		407C519922991F7B00FF3F13 /* AppDelegate.swift in Sources */ = {isa = PBXBuildFile; fileRef = 407C519822991F7B00FF3F13 /* AppDelegate.swift */; };
		407C51A022991F7D00FF3F13 /* Assets.xcassets in Resources */ = {isa = PBXBuildFile; fileRef = 407C519F22991F7D00FF3F13 /* Assets.xcassets */; };
		407C51A322991F7D00FF3F13 /* LaunchScreen.storyboard in Resources */ = {isa = PBXBuildFile; fileRef = 407C51A122991F7D00FF3F13 /* LaunchScreen.storyboard */; };
		407C51AE22991F7D00FF3F13 /* PokeQuizTests.swift in Sources */ = {isa = PBXBuildFile; fileRef = 407C51AD22991F7D00FF3F13 /* PokeQuizTests.swift */; };
		407C51BA2299235A00FF3F13 /* Poke.swift in Sources */ = {isa = PBXBuildFile; fileRef = 407C51B92299235A00FF3F13 /* Poke.swift */; };
		407C51BC229945C900FF3F13 /* MenuViewController.swift in Sources */ = {isa = PBXBuildFile; fileRef = 407C51BB229945C900FF3F13 /* MenuViewController.swift */; };
		407C51BE2299461B00FF3F13 /* R.generated.swift in Sources */ = {isa = PBXBuildFile; fileRef = 407C51BD2299461B00FF3F13 /* R.generated.swift */; };
		407C51C022994A4C00FF3F13 /* RoundButton.swift in Sources */ = {isa = PBXBuildFile; fileRef = 407C51BF22994A4C00FF3F13 /* RoundButton.swift */; };
		407C51C422994E1D00FF3F13 /* QuizViewController.swift in Sources */ = {isa = PBXBuildFile; fileRef = 407C51C322994E1D00FF3F13 /* QuizViewController.swift */; };
		407C51D6229A5C1400FF3F13 /* Extensions.swift in Sources */ = {isa = PBXBuildFile; fileRef = 407C51D5229A5C1400FF3F13 /* Extensions.swift */; };
		407C51D822A2BCDD00FF3F13 /* RoundView.swift in Sources */ = {isa = PBXBuildFile; fileRef = 407C51D722A2BCDD00FF3F13 /* RoundView.swift */; };
		4080527E22B6812F00DA0075 /* GameOverViewController.swift in Sources */ = {isa = PBXBuildFile; fileRef = 4080527D22B6812F00DA0075 /* GameOverViewController.swift */; };
		4081EFC122F6665B0008B462 /* CompatibilityViewController.swift in Sources */ = {isa = PBXBuildFile; fileRef = 4081EFC022F6665B0008B462 /* CompatibilityViewController.swift */; };
		4086A6AB22AE9C4B005E177F /* ResultViewController.swift in Sources */ = {isa = PBXBuildFile; fileRef = 4086A6AA22AE9C4B005E177F /* ResultViewController.swift */; };
		4094EEB622F45F8D00F5BA71 /* AppData.swift in Sources */ = {isa = PBXBuildFile; fileRef = 4094EEB522F45F8D00F5BA71 /* AppData.swift */; };
		4094EEB822F4639A00F5BA71 /* User.swift in Sources */ = {isa = PBXBuildFile; fileRef = 4094EEB722F4639A00F5BA71 /* User.swift */; };
		40A0CBA422EF252E00A8216D /* InputNameViewController.swift in Sources */ = {isa = PBXBuildFile; fileRef = 40A0CBA322EF252E00A8216D /* InputNameViewController.swift */; };
		40ABA0B822EB4CC200DBA15D /* RankingViewController.swift in Sources */ = {isa = PBXBuildFile; fileRef = 40ABA0B722EB4CC200DBA15D /* RankingViewController.swift */; };
		40B1996222A53DC700CBB59A /* Keys.swift in Sources */ = {isa = PBXBuildFile; fileRef = 40B1996122A53DC700CBB59A /* Keys.swift */; };
		40BE65FF2301733A0077508E /* localizable.strings in Resources */ = {isa = PBXBuildFile; fileRef = 40BE66012301733A0077508E /* localizable.strings */; };
		40C1F57322A400BB002351CC /* GoogleService-Info.plist in Resources */ = {isa = PBXBuildFile; fileRef = 40C1F57222A400BB002351CC /* GoogleService-Info.plist */; };
		40D9CCB622EF38E2005FE206 /* Main.storyboard in Resources */ = {isa = PBXBuildFile; fileRef = 407C519C22991F7B00FF3F13 /* Main.storyboard */; };
		40ECE1F622B8F7A600FC534C /* Timer.swift in Sources */ = {isa = PBXBuildFile; fileRef = 40ECE1F522B8F7A600FC534C /* Timer.swift */; };
		A4A08F40DA19355C326F653F /* Pods_PokeQuizTests.framework in Frameworks */ = {isa = PBXBuildFile; fileRef = DBC9FF6FCEAAE3D51C96B609 /* Pods_PokeQuizTests.framework */; };
/* End PBXBuildFile section */

/* Begin PBXContainerItemProxy section */
		407C51AA22991F7D00FF3F13 /* PBXContainerItemProxy */ = {
			isa = PBXContainerItemProxy;
			containerPortal = 407C518D22991F7A00FF3F13 /* Project object */;
			proxyType = 1;
			remoteGlobalIDString = 407C519422991F7B00FF3F13;
			remoteInfo = PokeQuiz;
		};
/* End PBXContainerItemProxy section */

/* Begin PBXFileReference section */
		007C806689C7A450E3FBDAC2 /* Pods-PokeQuiz.release.xcconfig */ = {isa = PBXFileReference; includeInIndex = 1; lastKnownFileType = text.xcconfig; name = "Pods-PokeQuiz.release.xcconfig"; path = "Pods/Target Support Files/Pods-PokeQuiz/Pods-PokeQuiz.release.xcconfig"; sourceTree = "<group>"; };
		4010AD7623110F4E0001E48B /* SettingTableViewController.swift */ = {isa = PBXFileReference; lastKnownFileType = sourcecode.swift; path = SettingTableViewController.swift; sourceTree = "<group>"; };
		4039FF162314085800B7D5DB /* ja */ = {isa = PBXFileReference; lastKnownFileType = text.plist.strings; name = ja; path = ja.lproj/Main.strings; sourceTree = "<group>"; };
		4075815222B929A2002C8E4E /* TanukiMagic.ttf */ = {isa = PBXFileReference; lastKnownFileType = file; path = TanukiMagic.ttf; sourceTree = "<group>"; };
		407C519522991F7B00FF3F13 /* PokeQuiz.app */ = {isa = PBXFileReference; explicitFileType = wrapper.application; includeInIndex = 0; path = PokeQuiz.app; sourceTree = BUILT_PRODUCTS_DIR; };
		407C519822991F7B00FF3F13 /* AppDelegate.swift */ = {isa = PBXFileReference; lastKnownFileType = sourcecode.swift; path = AppDelegate.swift; sourceTree = "<group>"; };
		407C519D22991F7B00FF3F13 /* Base */ = {isa = PBXFileReference; lastKnownFileType = file.storyboard; name = Base; path = Base.lproj/Main.storyboard; sourceTree = "<group>"; };
		407C519F22991F7D00FF3F13 /* Assets.xcassets */ = {isa = PBXFileReference; lastKnownFileType = folder.assetcatalog; path = Assets.xcassets; sourceTree = "<group>"; };
		407C51A222991F7D00FF3F13 /* Base */ = {isa = PBXFileReference; lastKnownFileType = file.storyboard; name = Base; path = Base.lproj/LaunchScreen.storyboard; sourceTree = "<group>"; };
		407C51A422991F7D00FF3F13 /* Info.plist */ = {isa = PBXFileReference; lastKnownFileType = text.plist.xml; path = Info.plist; sourceTree = "<group>"; };
		407C51A922991F7D00FF3F13 /* PokeQuizTests.xctest */ = {isa = PBXFileReference; explicitFileType = wrapper.cfbundle; includeInIndex = 0; path = PokeQuizTests.xctest; sourceTree = BUILT_PRODUCTS_DIR; };
		407C51AD22991F7D00FF3F13 /* PokeQuizTests.swift */ = {isa = PBXFileReference; lastKnownFileType = sourcecode.swift; path = PokeQuizTests.swift; sourceTree = "<group>"; };
		407C51AF22991F7D00FF3F13 /* Info.plist */ = {isa = PBXFileReference; lastKnownFileType = text.plist.xml; path = Info.plist; sourceTree = "<group>"; };
		407C51B92299235A00FF3F13 /* Poke.swift */ = {isa = PBXFileReference; lastKnownFileType = sourcecode.swift; path = Poke.swift; sourceTree = "<group>"; };
		407C51BB229945C900FF3F13 /* MenuViewController.swift */ = {isa = PBXFileReference; lastKnownFileType = sourcecode.swift; path = MenuViewController.swift; sourceTree = "<group>"; };
		407C51BD2299461B00FF3F13 /* R.generated.swift */ = {isa = PBXFileReference; fileEncoding = 4; lastKnownFileType = sourcecode.swift; path = R.generated.swift; sourceTree = "<group>"; };
		407C51BF22994A4C00FF3F13 /* RoundButton.swift */ = {isa = PBXFileReference; lastKnownFileType = sourcecode.swift; path = RoundButton.swift; sourceTree = "<group>"; };
		407C51C322994E1D00FF3F13 /* QuizViewController.swift */ = {isa = PBXFileReference; lastKnownFileType = sourcecode.swift; path = QuizViewController.swift; sourceTree = "<group>"; };
		407C51D5229A5C1400FF3F13 /* Extensions.swift */ = {isa = PBXFileReference; lastKnownFileType = sourcecode.swift; path = Extensions.swift; sourceTree = "<group>"; };
		407C51D722A2BCDD00FF3F13 /* RoundView.swift */ = {isa = PBXFileReference; lastKnownFileType = sourcecode.swift; path = RoundView.swift; sourceTree = "<group>"; };
		4080527D22B6812F00DA0075 /* GameOverViewController.swift */ = {isa = PBXFileReference; lastKnownFileType = sourcecode.swift; path = GameOverViewController.swift; sourceTree = "<group>"; };
		4081EFC022F6665B0008B462 /* CompatibilityViewController.swift */ = {isa = PBXFileReference; lastKnownFileType = sourcecode.swift; name = CompatibilityViewController.swift; path = ../../../../../../../../System/Volumes/Data/Users/khayashida/Documents/develop/PokeQuiz/PokeQuiz/PokeQuiz/ViewController/CompatibilityViewController.swift; sourceTree = "<group>"; };
		4086A6AA22AE9C4B005E177F /* ResultViewController.swift */ = {isa = PBXFileReference; lastKnownFileType = sourcecode.swift; path = ResultViewController.swift; sourceTree = "<group>"; };
		4094EEB522F45F8D00F5BA71 /* AppData.swift */ = {isa = PBXFileReference; lastKnownFileType = sourcecode.swift; name = AppData.swift; path = ../../../../../../../../System/Volumes/Data/Users/khayashida/Documents/develop/PokeQuiz/PokeQuiz/PokeQuiz/Common/AppData.swift; sourceTree = "<group>"; };
		4094EEB722F4639A00F5BA71 /* User.swift */ = {isa = PBXFileReference; lastKnownFileType = sourcecode.swift; name = User.swift; path = ../../../../../../../../System/Volumes/Data/Users/khayashida/Documents/develop/PokeQuiz/PokeQuiz/PokeQuiz/Model/User.swift; sourceTree = "<group>"; };
		40A0CBA322EF252E00A8216D /* InputNameViewController.swift */ = {isa = PBXFileReference; lastKnownFileType = sourcecode.swift; name = InputNameViewController.swift; path = ../../../../../../../../System/Volumes/Data/Users/khayashida/Documents/develop/PokeQuiz/PokeQuiz/PokeQuiz/ViewController/InputNameViewController.swift; sourceTree = "<group>"; };
		40ABA0B722EB4CC200DBA15D /* RankingViewController.swift */ = {isa = PBXFileReference; lastKnownFileType = sourcecode.swift; name = RankingViewController.swift; path = ../../../../../../../../System/Volumes/Data/Users/khayashida/Documents/develop/PokeQuiz/PokeQuiz/PokeQuiz/ViewController/RankingViewController.swift; sourceTree = "<group>"; };
		40B1996122A53DC700CBB59A /* Keys.swift */ = {isa = PBXFileReference; lastKnownFileType = sourcecode.swift; path = Keys.swift; sourceTree = "<group>"; };
		40BE66002301733A0077508E /* en */ = {isa = PBXFileReference; lastKnownFileType = text.plist.strings; name = en; path = en.lproj/localizable.strings; sourceTree = "<group>"; };
		40BE66032301736F0077508E /* ja */ = {isa = PBXFileReference; lastKnownFileType = text.plist.strings; name = ja; path = ja.lproj/LaunchScreen.strings; sourceTree = "<group>"; };
		40BE66042301736F0077508E /* ja */ = {isa = PBXFileReference; lastKnownFileType = text.plist.strings; name = ja; path = ja.lproj/localizable.strings; sourceTree = "<group>"; };
		40C1F57222A400BB002351CC /* GoogleService-Info.plist */ = {isa = PBXFileReference; fileEncoding = 4; lastKnownFileType = text.plist.xml; name = "GoogleService-Info.plist"; path = "../../../../../../../System/Volumes/Data/Users/khayashida/Documents/develop/PokeQuiz/PokeQuiz/PokeQuiz/GoogleService-Info.plist"; sourceTree = "<group>"; };
		40ECE1F522B8F7A600FC534C /* Timer.swift */ = {isa = PBXFileReference; lastKnownFileType = sourcecode.swift; path = Timer.swift; sourceTree = "<group>"; };
		4554E2534F23B2B99F81DABF /* Pods_PokeQuiz.framework */ = {isa = PBXFileReference; explicitFileType = wrapper.framework; includeInIndex = 0; path = Pods_PokeQuiz.framework; sourceTree = BUILT_PRODUCTS_DIR; };
		52FF67BF55E0A091814DB4BD /* Pods-PokeQuizTests.release.xcconfig */ = {isa = PBXFileReference; includeInIndex = 1; lastKnownFileType = text.xcconfig; name = "Pods-PokeQuizTests.release.xcconfig"; path = "Pods/Target Support Files/Pods-PokeQuizTests/Pods-PokeQuizTests.release.xcconfig"; sourceTree = "<group>"; };
		B57A479A3AD61E8E58A5EB9A /* Pods-PokeQuiz.debug.xcconfig */ = {isa = PBXFileReference; includeInIndex = 1; lastKnownFileType = text.xcconfig; name = "Pods-PokeQuiz.debug.xcconfig"; path = "Pods/Target Support Files/Pods-PokeQuiz/Pods-PokeQuiz.debug.xcconfig"; sourceTree = "<group>"; };
		DB3403309308F1BF97C329B8 /* Pods-PokeQuizTests.debug.xcconfig */ = {isa = PBXFileReference; includeInIndex = 1; lastKnownFileType = text.xcconfig; name = "Pods-PokeQuizTests.debug.xcconfig"; path = "Pods/Target Support Files/Pods-PokeQuizTests/Pods-PokeQuizTests.debug.xcconfig"; sourceTree = "<group>"; };
		DBC9FF6FCEAAE3D51C96B609 /* Pods_PokeQuizTests.framework */ = {isa = PBXFileReference; explicitFileType = wrapper.framework; includeInIndex = 0; path = Pods_PokeQuizTests.framework; sourceTree = BUILT_PRODUCTS_DIR; };
/* End PBXFileReference section */

/* Begin PBXFrameworksBuildPhase section */
		407C519222991F7B00FF3F13 /* Frameworks */ = {
			isa = PBXFrameworksBuildPhase;
			buildActionMask = 2147483647;
			files = (
				1AA16275A57E4E90FE78FB07 /* Pods_PokeQuiz.framework in Frameworks */,
			);
			runOnlyForDeploymentPostprocessing = 0;
		};
		407C51A622991F7D00FF3F13 /* Frameworks */ = {
			isa = PBXFrameworksBuildPhase;
			buildActionMask = 2147483647;
			files = (
				A4A08F40DA19355C326F653F /* Pods_PokeQuizTests.framework in Frameworks */,
			);
			runOnlyForDeploymentPostprocessing = 0;
		};
/* End PBXFrameworksBuildPhase section */

/* Begin PBXGroup section */
		407C518C22991F7A00FF3F13 = {
			isa = PBXGroup;
			children = (
				407C519722991F7B00FF3F13 /* PokeQuiz */,
				407C51AC22991F7D00FF3F13 /* PokeQuizTests */,
				407C519622991F7B00FF3F13 /* Products */,
				646C10406EC92C6D10A02C07 /* Pods */,
				6956CD897A85FFBBD5F67F8B /* Frameworks */,
			);
			sourceTree = "<group>";
		};
		407C519622991F7B00FF3F13 /* Products */ = {
			isa = PBXGroup;
			children = (
				407C519522991F7B00FF3F13 /* PokeQuiz.app */,
				407C51A922991F7D00FF3F13 /* PokeQuizTests.xctest */,
			);
			name = Products;
			sourceTree = "<group>";
		};
		407C519722991F7B00FF3F13 /* PokeQuiz */ = {
			isa = PBXGroup;
			children = (
				407C51BD2299461B00FF3F13 /* R.generated.swift */,
				407C519822991F7B00FF3F13 /* AppDelegate.swift */,
				40ECE1F422B8F78700FC534C /* Common */,
				407C51C222994DDA00FF3F13 /* ViewController */,
				40B1995E22A53D2100CBB59A /* Model */,
				407C51D5229A5C1400FF3F13 /* Extensions.swift */,
				40B1995C22A53CFD00CBB59A /* ViewParts */,
				407C519C22991F7B00FF3F13 /* Main.storyboard */,
				407C519F22991F7D00FF3F13 /* Assets.xcassets */,
				407C51A122991F7D00FF3F13 /* LaunchScreen.storyboard */,
				407C51A422991F7D00FF3F13 /* Info.plist */,
				40BE66012301733A0077508E /* localizable.strings */,
				4075815222B929A2002C8E4E /* TanukiMagic.ttf */,
				40C1F57222A400BB002351CC /* GoogleService-Info.plist */,
			);
			path = PokeQuiz;
			sourceTree = "<group>";
		};
		407C51AC22991F7D00FF3F13 /* PokeQuizTests */ = {
			isa = PBXGroup;
			children = (
				407C51AD22991F7D00FF3F13 /* PokeQuizTests.swift */,
				407C51AF22991F7D00FF3F13 /* Info.plist */,
			);
			path = PokeQuizTests;
			sourceTree = "<group>";
		};
		407C51C222994DDA00FF3F13 /* ViewController */ = {
			isa = PBXGroup;
			children = (
				407C51BB229945C900FF3F13 /* MenuViewController.swift */,
				407C51C322994E1D00FF3F13 /* QuizViewController.swift */,
				4086A6AA22AE9C4B005E177F /* ResultViewController.swift */,
				4080527D22B6812F00DA0075 /* GameOverViewController.swift */,
				40ABA0B722EB4CC200DBA15D /* RankingViewController.swift */,
				40A0CBA322EF252E00A8216D /* InputNameViewController.swift */,
				4081EFC022F6665B0008B462 /* CompatibilityViewController.swift */,
				4010AD7623110F4E0001E48B /* SettingTableViewController.swift */,
			);
			path = ViewController;
			sourceTree = "<group>";
		};
		40B1995C22A53CFD00CBB59A /* ViewParts */ = {
			isa = PBXGroup;
			children = (
				407C51BF22994A4C00FF3F13 /* RoundButton.swift */,
				407C51D722A2BCDD00FF3F13 /* RoundView.swift */,
			);
			path = ViewParts;
			sourceTree = "<group>";
		};
		40B1995E22A53D2100CBB59A /* Model */ = {
			isa = PBXGroup;
			children = (
				407C51B92299235A00FF3F13 /* Poke.swift */,
				40B1996122A53DC700CBB59A /* Keys.swift */,
				4094EEB722F4639A00F5BA71 /* User.swift */,
			);
			path = Model;
			sourceTree = "<group>";
		};
		40ECE1F422B8F78700FC534C /* Common */ = {
			isa = PBXGroup;
			children = (
				40ECE1F522B8F7A600FC534C /* Timer.swift */,
				4094EEB522F45F8D00F5BA71 /* AppData.swift */,
			);
			path = Common;
			sourceTree = "<group>";
		};
		646C10406EC92C6D10A02C07 /* Pods */ = {
			isa = PBXGroup;
			children = (
				B57A479A3AD61E8E58A5EB9A /* Pods-PokeQuiz.debug.xcconfig */,
				007C806689C7A450E3FBDAC2 /* Pods-PokeQuiz.release.xcconfig */,
				DB3403309308F1BF97C329B8 /* Pods-PokeQuizTests.debug.xcconfig */,
				52FF67BF55E0A091814DB4BD /* Pods-PokeQuizTests.release.xcconfig */,
			);
			name = Pods;
			sourceTree = "<group>";
		};
		6956CD897A85FFBBD5F67F8B /* Frameworks */ = {
			isa = PBXGroup;
			children = (
				4554E2534F23B2B99F81DABF /* Pods_PokeQuiz.framework */,
				DBC9FF6FCEAAE3D51C96B609 /* Pods_PokeQuizTests.framework */,
			);
			name = Frameworks;
			sourceTree = "<group>";
		};
/* End PBXGroup section */

/* Begin PBXNativeTarget section */
		407C519422991F7B00FF3F13 /* PokeQuiz */ = {
			isa = PBXNativeTarget;
			buildConfigurationList = 407C51B222991F7D00FF3F13 /* Build configuration list for PBXNativeTarget "PokeQuiz" */;
			buildPhases = (
				122D4A5E72D395898546114B /* [CP] Check Pods Manifest.lock */,
				407C51B82299219A00FF3F13 /* ShellScript */,
				407C519122991F7B00FF3F13 /* Sources */,
				407C519222991F7B00FF3F13 /* Frameworks */,
				407C519322991F7B00FF3F13 /* Resources */,
				0911E22E52996719B9649083 /* [CP] Embed Pods Frameworks */,
			);
			buildRules = (
			);
			dependencies = (
			);
			name = PokeQuiz;
			productName = PokeQuiz;
			productReference = 407C519522991F7B00FF3F13 /* PokeQuiz.app */;
			productType = "com.apple.product-type.application";
		};
		407C51A822991F7D00FF3F13 /* PokeQuizTests */ = {
			isa = PBXNativeTarget;
			buildConfigurationList = 407C51B522991F7D00FF3F13 /* Build configuration list for PBXNativeTarget "PokeQuizTests" */;
			buildPhases = (
				17390342FF42D1EC2AA91CC7 /* [CP] Check Pods Manifest.lock */,
				407C51A522991F7D00FF3F13 /* Sources */,
				407C51A622991F7D00FF3F13 /* Frameworks */,
				407C51A722991F7D00FF3F13 /* Resources */,
			);
			buildRules = (
			);
			dependencies = (
				407C51AB22991F7D00FF3F13 /* PBXTargetDependency */,
			);
			name = PokeQuizTests;
			productName = PokeQuizTests;
			productReference = 407C51A922991F7D00FF3F13 /* PokeQuizTests.xctest */;
			productType = "com.apple.product-type.bundle.unit-test";
		};
/* End PBXNativeTarget section */

/* Begin PBXProject section */
		407C518D22991F7A00FF3F13 /* Project object */ = {
			isa = PBXProject;
			attributes = {
				LastSwiftUpdateCheck = 1020;
				LastUpgradeCheck = 1020;
				ORGANIZATIONNAME = jp.co.khayashida.ARCompanyCard;
				TargetAttributes = {
					407C519422991F7B00FF3F13 = {
						CreatedOnToolsVersion = 10.2.1;
					};
					407C51A822991F7D00FF3F13 = {
						CreatedOnToolsVersion = 10.2.1;
						TestTargetID = 407C519422991F7B00FF3F13;
					};
				};
			};
			buildConfigurationList = 407C519022991F7A00FF3F13 /* Build configuration list for PBXProject "PokeQuiz" */;
			compatibilityVersion = "Xcode 9.3";
			developmentRegion = en;
			hasScannedForEncodings = 0;
			knownRegions = (
				en,
				Base,
				ja,
			);
			mainGroup = 407C518C22991F7A00FF3F13;
			productRefGroup = 407C519622991F7B00FF3F13 /* Products */;
			projectDirPath = "";
			projectRoot = "";
			targets = (
				407C519422991F7B00FF3F13 /* PokeQuiz */,
				407C51A822991F7D00FF3F13 /* PokeQuizTests */,
			);
		};
/* End PBXProject section */

/* Begin PBXResourcesBuildPhase section */
		407C519322991F7B00FF3F13 /* Resources */ = {
			isa = PBXResourcesBuildPhase;
			buildActionMask = 2147483647;
			files = (
				407C51A322991F7D00FF3F13 /* LaunchScreen.storyboard in Resources */,
				40C1F57322A400BB002351CC /* GoogleService-Info.plist in Resources */,
				40D9CCB622EF38E2005FE206 /* Main.storyboard in Resources */,
				40BE65FF2301733A0077508E /* localizable.strings in Resources */,
				407C51A022991F7D00FF3F13 /* Assets.xcassets in Resources */,
				4075815322B929A2002C8E4E /* TanukiMagic.ttf in Resources */,
			);
			runOnlyForDeploymentPostprocessing = 0;
		};
		407C51A722991F7D00FF3F13 /* Resources */ = {
			isa = PBXResourcesBuildPhase;
			buildActionMask = 2147483647;
			files = (
			);
			runOnlyForDeploymentPostprocessing = 0;
		};
/* End PBXResourcesBuildPhase section */

/* Begin PBXShellScriptBuildPhase section */
		0911E22E52996719B9649083 /* [CP] Embed Pods Frameworks */ = {
			isa = PBXShellScriptBuildPhase;
			buildActionMask = 2147483647;
			files = (
			);
			inputFileListPaths = (
				"${PODS_ROOT}/Target Support Files/Pods-PokeQuiz/Pods-PokeQuiz-frameworks-${CONFIGURATION}-input-files.xcfilelist",
			);
			name = "[CP] Embed Pods Frameworks";
			outputFileListPaths = (
				"${PODS_ROOT}/Target Support Files/Pods-PokeQuiz/Pods-PokeQuiz-frameworks-${CONFIGURATION}-output-files.xcfilelist",
			);
			runOnlyForDeploymentPostprocessing = 0;
			shellPath = /bin/sh;
			shellScript = "\"${PODS_ROOT}/Target Support Files/Pods-PokeQuiz/Pods-PokeQuiz-frameworks.sh\"\n";
			showEnvVarsInLog = 0;
		};
		122D4A5E72D395898546114B /* [CP] Check Pods Manifest.lock */ = {
			isa = PBXShellScriptBuildPhase;
			buildActionMask = 2147483647;
			files = (
			);
			inputPaths = (
				"${PODS_PODFILE_DIR_PATH}/Podfile.lock",
				"${PODS_ROOT}/Manifest.lock",
			);
			name = "[CP] Check Pods Manifest.lock";
			outputPaths = (
				"$(DERIVED_FILE_DIR)/Pods-PokeQuiz-checkManifestLockResult.txt",
			);
			runOnlyForDeploymentPostprocessing = 0;
			shellPath = /bin/sh;
			shellScript = "diff \"${PODS_PODFILE_DIR_PATH}/Podfile.lock\" \"${PODS_ROOT}/Manifest.lock\" > /dev/null\nif [ $? != 0 ] ; then\n    # print error to STDERR\n    echo \"error: The sandbox is not in sync with the Podfile.lock. Run 'pod install' or update your CocoaPods installation.\" >&2\n    exit 1\nfi\n# This output is used by Xcode 'outputs' to avoid re-running this script phase.\necho \"SUCCESS\" > \"${SCRIPT_OUTPUT_FILE_0}\"\n";
			showEnvVarsInLog = 0;
		};
		17390342FF42D1EC2AA91CC7 /* [CP] Check Pods Manifest.lock */ = {
			isa = PBXShellScriptBuildPhase;
			buildActionMask = 2147483647;
			files = (
			);
			inputPaths = (
				"${PODS_PODFILE_DIR_PATH}/Podfile.lock",
				"${PODS_ROOT}/Manifest.lock",
			);
			name = "[CP] Check Pods Manifest.lock";
			outputPaths = (
				"$(DERIVED_FILE_DIR)/Pods-PokeQuizTests-checkManifestLockResult.txt",
			);
			runOnlyForDeploymentPostprocessing = 0;
			shellPath = /bin/sh;
			shellScript = "diff \"${PODS_PODFILE_DIR_PATH}/Podfile.lock\" \"${PODS_ROOT}/Manifest.lock\" > /dev/null\nif [ $? != 0 ] ; then\n    # print error to STDERR\n    echo \"error: The sandbox is not in sync with the Podfile.lock. Run 'pod install' or update your CocoaPods installation.\" >&2\n    exit 1\nfi\n# This output is used by Xcode 'outputs' to avoid re-running this script phase.\necho \"SUCCESS\" > \"${SCRIPT_OUTPUT_FILE_0}\"\n";
			showEnvVarsInLog = 0;
		};
		407C51B82299219A00FF3F13 /* ShellScript */ = {
			isa = PBXShellScriptBuildPhase;
			buildActionMask = 2147483647;
			files = (
			);
			inputPaths = (
				"$TEMP_DIR/rswift-lastrun",
			);
			outputPaths = (
				$SRCROOT/PokeQuiz/R.generated.swift,
			);
			runOnlyForDeploymentPostprocessing = 0;
			shellPath = /bin/sh;
			shellScript = "\"$PODS_ROOT/R.swift/rswift\" generate \"$SRCROOT/PokeQuiz/R.generated.swift\"\n";
		};
/* End PBXShellScriptBuildPhase section */

/* Begin PBXSourcesBuildPhase section */
		407C519122991F7B00FF3F13 /* Sources */ = {
			isa = PBXSourcesBuildPhase;
			buildActionMask = 2147483647;
			files = (
				4081EFC122F6665B0008B462 /* CompatibilityViewController.swift in Sources */,
				407C51C022994A4C00FF3F13 /* RoundButton.swift in Sources */,
				407C51BA2299235A00FF3F13 /* Poke.swift in Sources */,
				4094EEB822F4639A00F5BA71 /* User.swift in Sources */,
				40ABA0B822EB4CC200DBA15D /* RankingViewController.swift in Sources */,
				407C51BE2299461B00FF3F13 /* R.generated.swift in Sources */,
				4010AD7723110F4E0001E48B /* SettingTableViewController.swift in Sources */,
				40A0CBA422EF252E00A8216D /* InputNameViewController.swift in Sources */,
				40ECE1F622B8F7A600FC534C /* Timer.swift in Sources */,
				407C51C422994E1D00FF3F13 /* QuizViewController.swift in Sources */,
				407C519922991F7B00FF3F13 /* AppDelegate.swift in Sources */,
				4086A6AB22AE9C4B005E177F /* ResultViewController.swift in Sources */,
				407C51D822A2BCDD00FF3F13 /* RoundView.swift in Sources */,
				4080527E22B6812F00DA0075 /* GameOverViewController.swift in Sources */,
				407C51BC229945C900FF3F13 /* MenuViewController.swift in Sources */,
				40B1996222A53DC700CBB59A /* Keys.swift in Sources */,
				407C51D6229A5C1400FF3F13 /* Extensions.swift in Sources */,
				4094EEB622F45F8D00F5BA71 /* AppData.swift in Sources */,
			);
			runOnlyForDeploymentPostprocessing = 0;
		};
		407C51A522991F7D00FF3F13 /* Sources */ = {
			isa = PBXSourcesBuildPhase;
			buildActionMask = 2147483647;
			files = (
				407C51AE22991F7D00FF3F13 /* PokeQuizTests.swift in Sources */,
			);
			runOnlyForDeploymentPostprocessing = 0;
		};
/* End PBXSourcesBuildPhase section */

/* Begin PBXTargetDependency section */
		407C51AB22991F7D00FF3F13 /* PBXTargetDependency */ = {
			isa = PBXTargetDependency;
			target = 407C519422991F7B00FF3F13 /* PokeQuiz */;
			targetProxy = 407C51AA22991F7D00FF3F13 /* PBXContainerItemProxy */;
		};
/* End PBXTargetDependency section */

/* Begin PBXVariantGroup section */
		407C519C22991F7B00FF3F13 /* Main.storyboard */ = {
			isa = PBXVariantGroup;
			children = (
				407C519D22991F7B00FF3F13 /* Base */,
				4039FF162314085800B7D5DB /* ja */,
			);
			name = Main.storyboard;
			sourceTree = "<group>";
		};
		407C51A122991F7D00FF3F13 /* LaunchScreen.storyboard */ = {
			isa = PBXVariantGroup;
			children = (
				407C51A222991F7D00FF3F13 /* Base */,
				40BE66032301736F0077508E /* ja */,
			);
			name = LaunchScreen.storyboard;
			sourceTree = "<group>";
		};
		40BE66012301733A0077508E /* localizable.strings */ = {
			isa = PBXVariantGroup;
			children = (
				40BE66002301733A0077508E /* en */,
				40BE66042301736F0077508E /* ja */,
			);
			name = localizable.strings;
			path = ../../../../../../../System/Volumes/Data/Users/khayashida/Documents/develop/PokeQuiz/PokeQuiz/PokeQuiz;
			sourceTree = "<group>";
		};
/* End PBXVariantGroup section */

/* Begin XCBuildConfiguration section */
		407C51B022991F7D00FF3F13 /* Debug */ = {
			isa = XCBuildConfiguration;
			buildSettings = {
				ALWAYS_SEARCH_USER_PATHS = NO;
				CLANG_ANALYZER_LOCALIZABILITY_NONLOCALIZED = YES;
				CLANG_ANALYZER_NONNULL = YES;
				CLANG_ANALYZER_NUMBER_OBJECT_CONVERSION = YES_AGGRESSIVE;
				CLANG_CXX_LANGUAGE_STANDARD = "gnu++14";
				CLANG_CXX_LIBRARY = "libc++";
				CLANG_ENABLE_MODULES = YES;
				CLANG_ENABLE_OBJC_ARC = YES;
				CLANG_ENABLE_OBJC_WEAK = YES;
				CLANG_WARN_BLOCK_CAPTURE_AUTORELEASING = YES;
				CLANG_WARN_BOOL_CONVERSION = YES;
				CLANG_WARN_COMMA = YES;
				CLANG_WARN_CONSTANT_CONVERSION = YES;
				CLANG_WARN_DEPRECATED_OBJC_IMPLEMENTATIONS = YES;
				CLANG_WARN_DIRECT_OBJC_ISA_USAGE = YES_ERROR;
				CLANG_WARN_DOCUMENTATION_COMMENTS = YES;
				CLANG_WARN_EMPTY_BODY = YES;
				CLANG_WARN_ENUM_CONVERSION = YES;
				CLANG_WARN_INFINITE_RECURSION = YES;
				CLANG_WARN_INT_CONVERSION = YES;
				CLANG_WARN_NON_LITERAL_NULL_CONVERSION = YES;
				CLANG_WARN_OBJC_IMPLICIT_RETAIN_SELF = YES;
				CLANG_WARN_OBJC_LITERAL_CONVERSION = YES;
				CLANG_WARN_OBJC_ROOT_CLASS = YES_ERROR;
				CLANG_WARN_RANGE_LOOP_ANALYSIS = YES;
				CLANG_WARN_STRICT_PROTOTYPES = YES;
				CLANG_WARN_SUSPICIOUS_MOVE = YES;
				CLANG_WARN_UNGUARDED_AVAILABILITY = YES_AGGRESSIVE;
				CLANG_WARN_UNREACHABLE_CODE = YES;
				CLANG_WARN__DUPLICATE_METHOD_MATCH = YES;
				CODE_SIGN_IDENTITY = "iPhone Developer";
				COPY_PHASE_STRIP = NO;
				DEBUG_INFORMATION_FORMAT = dwarf;
				ENABLE_STRICT_OBJC_MSGSEND = YES;
				ENABLE_TESTABILITY = YES;
				GCC_C_LANGUAGE_STANDARD = gnu11;
				GCC_DYNAMIC_NO_PIC = NO;
				GCC_NO_COMMON_BLOCKS = YES;
				GCC_OPTIMIZATION_LEVEL = 0;
				GCC_PREPROCESSOR_DEFINITIONS = (
					"DEBUG=1",
					"$(inherited)",
				);
				GCC_WARN_64_TO_32_BIT_CONVERSION = YES;
				GCC_WARN_ABOUT_RETURN_TYPE = YES_ERROR;
				GCC_WARN_UNDECLARED_SELECTOR = YES;
				GCC_WARN_UNINITIALIZED_AUTOS = YES_AGGRESSIVE;
				GCC_WARN_UNUSED_FUNCTION = YES;
				GCC_WARN_UNUSED_VARIABLE = YES;
				IPHONEOS_DEPLOYMENT_TARGET = 12.2;
				MTL_ENABLE_DEBUG_INFO = INCLUDE_SOURCE;
				MTL_FAST_MATH = YES;
				ONLY_ACTIVE_ARCH = YES;
				SDKROOT = iphoneos;
				SWIFT_ACTIVE_COMPILATION_CONDITIONS = DEBUG;
				SWIFT_OPTIMIZATION_LEVEL = "-Onone";
			};
			name = Debug;
		};
		407C51B122991F7D00FF3F13 /* Release */ = {
			isa = XCBuildConfiguration;
			buildSettings = {
				ALWAYS_SEARCH_USER_PATHS = NO;
				CLANG_ANALYZER_LOCALIZABILITY_NONLOCALIZED = YES;
				CLANG_ANALYZER_NONNULL = YES;
				CLANG_ANALYZER_NUMBER_OBJECT_CONVERSION = YES_AGGRESSIVE;
				CLANG_CXX_LANGUAGE_STANDARD = "gnu++14";
				CLANG_CXX_LIBRARY = "libc++";
				CLANG_ENABLE_MODULES = YES;
				CLANG_ENABLE_OBJC_ARC = YES;
				CLANG_ENABLE_OBJC_WEAK = YES;
				CLANG_WARN_BLOCK_CAPTURE_AUTORELEASING = YES;
				CLANG_WARN_BOOL_CONVERSION = YES;
				CLANG_WARN_COMMA = YES;
				CLANG_WARN_CONSTANT_CONVERSION = YES;
				CLANG_WARN_DEPRECATED_OBJC_IMPLEMENTATIONS = YES;
				CLANG_WARN_DIRECT_OBJC_ISA_USAGE = YES_ERROR;
				CLANG_WARN_DOCUMENTATION_COMMENTS = YES;
				CLANG_WARN_EMPTY_BODY = YES;
				CLANG_WARN_ENUM_CONVERSION = YES;
				CLANG_WARN_INFINITE_RECURSION = YES;
				CLANG_WARN_INT_CONVERSION = YES;
				CLANG_WARN_NON_LITERAL_NULL_CONVERSION = YES;
				CLANG_WARN_OBJC_IMPLICIT_RETAIN_SELF = YES;
				CLANG_WARN_OBJC_LITERAL_CONVERSION = YES;
				CLANG_WARN_OBJC_ROOT_CLASS = YES_ERROR;
				CLANG_WARN_RANGE_LOOP_ANALYSIS = YES;
				CLANG_WARN_STRICT_PROTOTYPES = YES;
				CLANG_WARN_SUSPICIOUS_MOVE = YES;
				CLANG_WARN_UNGUARDED_AVAILABILITY = YES_AGGRESSIVE;
				CLANG_WARN_UNREACHABLE_CODE = YES;
				CLANG_WARN__DUPLICATE_METHOD_MATCH = YES;
				CODE_SIGN_IDENTITY = "iPhone Developer";
				COPY_PHASE_STRIP = NO;
				DEBUG_INFORMATION_FORMAT = "dwarf-with-dsym";
				ENABLE_NS_ASSERTIONS = NO;
				ENABLE_STRICT_OBJC_MSGSEND = YES;
				GCC_C_LANGUAGE_STANDARD = gnu11;
				GCC_NO_COMMON_BLOCKS = YES;
				GCC_WARN_64_TO_32_BIT_CONVERSION = YES;
				GCC_WARN_ABOUT_RETURN_TYPE = YES_ERROR;
				GCC_WARN_UNDECLARED_SELECTOR = YES;
				GCC_WARN_UNINITIALIZED_AUTOS = YES_AGGRESSIVE;
				GCC_WARN_UNUSED_FUNCTION = YES;
				GCC_WARN_UNUSED_VARIABLE = YES;
				IPHONEOS_DEPLOYMENT_TARGET = 12.2;
				MTL_ENABLE_DEBUG_INFO = NO;
				MTL_FAST_MATH = YES;
				SDKROOT = iphoneos;
				SWIFT_COMPILATION_MODE = wholemodule;
				SWIFT_OPTIMIZATION_LEVEL = "-O";
				VALIDATE_PRODUCT = YES;
			};
			name = Release;
		};
		407C51B322991F7D00FF3F13 /* Debug */ = {
			isa = XCBuildConfiguration;
			baseConfigurationReference = B57A479A3AD61E8E58A5EB9A /* Pods-PokeQuiz.debug.xcconfig */;
			buildSettings = {
				ASSETCATALOG_COMPILER_APPICON_NAME = AppIcon;
				CODE_SIGN_IDENTITY = "iPhone Developer";
				CODE_SIGN_STYLE = Manual;
				CURRENT_PROJECT_VERSION = 2;
				DEVELOPMENT_TEAM = DU45P949ZD;
				INFOPLIST_FILE = PokeQuiz/Info.plist;
				IPHONEOS_DEPLOYMENT_TARGET = 11.0;
				LD_RUNPATH_SEARCH_PATHS = (
					"$(inherited)",
					"@executable_path/Frameworks",
				);
				MARKETING_VERSION = 1.0.0;
				PRODUCT_BUNDLE_IDENTIFIER = jp.com.khayashida.PokeQuiz;
				PRODUCT_NAME = "$(TARGET_NAME)";
				PROVISIONING_PROFILE_SPECIFIER = WildCard_dev;
				SWIFT_VERSION = 5.0;
				TARGETED_DEVICE_FAMILY = 1;
			};
			name = Debug;
		};
		407C51B422991F7D00FF3F13 /* Release */ = {
			isa = XCBuildConfiguration;
			baseConfigurationReference = 007C806689C7A450E3FBDAC2 /* Pods-PokeQuiz.release.xcconfig */;
			buildSettings = {
				ASSETCATALOG_COMPILER_APPICON_NAME = AppIcon;
				CODE_SIGN_IDENTITY = "iPhone Distribution";
				CODE_SIGN_STYLE = Manual;
				CURRENT_PROJECT_VERSION = 2;
				DEVELOPMENT_TEAM = DU45P949ZD;
				INFOPLIST_FILE = PokeQuiz/Info.plist;
				IPHONEOS_DEPLOYMENT_TARGET = 11.0;
				LD_RUNPATH_SEARCH_PATHS = (
					"$(inherited)",
					"@executable_path/Frameworks",
				);
				MARKETING_VERSION = 1.0.0;
				PRODUCT_BUNDLE_IDENTIFIER = jp.com.khayashida.PokeQuiz;
				PRODUCT_NAME = "$(TARGET_NAME)";
				PROVISIONING_PROFILE_SPECIFIER = PokeQuiz_store;
				SWIFT_VERSION = 5.0;
				TARGETED_DEVICE_FAMILY = 1;
			};
			name = Release;
		};
		407C51B622991F7D00FF3F13 /* Debug */ = {
			isa = XCBuildConfiguration;
			baseConfigurationReference = DB3403309308F1BF97C329B8 /* Pods-PokeQuizTests.debug.xcconfig */;
			buildSettings = {
				ALWAYS_EMBED_SWIFT_STANDARD_LIBRARIES = YES;
				BUNDLE_LOADER = "$(TEST_HOST)";
				CODE_SIGN_STYLE = Automatic;
				DEVELOPMENT_TEAM = DU45P949ZD;
				INFOPLIST_FILE = PokeQuizTests/Info.plist;
				LD_RUNPATH_SEARCH_PATHS = (
					"$(inherited)",
					"@executable_path/Frameworks",
					"@loader_path/Frameworks",
				);
				PRODUCT_BUNDLE_IDENTIFIER = jp.co.khayashida.PokeQuizTests;
				PRODUCT_NAME = "$(TARGET_NAME)";
				SWIFT_VERSION = 5.0;
				TARGETED_DEVICE_FAMILY = "1,2";
				TEST_HOST = "$(BUILT_PRODUCTS_DIR)/PokeQuiz.app/PokeQuiz";
			};
			name = Debug;
		};
		407C51B722991F7D00FF3F13 /* Release */ = {
			isa = XCBuildConfiguration;
			baseConfigurationReference = 52FF67BF55E0A091814DB4BD /* Pods-PokeQuizTests.release.xcconfig */;
			buildSettings = {
				ALWAYS_EMBED_SWIFT_STANDARD_LIBRARIES = YES;
				BUNDLE_LOADER = "$(TEST_HOST)";
				CODE_SIGN_STYLE = Automatic;
				DEVELOPMENT_TEAM = DU45P949ZD;
				INFOPLIST_FILE = PokeQuizTests/Info.plist;
				LD_RUNPATH_SEARCH_PATHS = (
					"$(inherited)",
					"@executable_path/Frameworks",
					"@loader_path/Frameworks",
				);
				PRODUCT_BUNDLE_IDENTIFIER = jp.co.khayashida.PokeQuizTests;
				PRODUCT_NAME = "$(TARGET_NAME)";
				SWIFT_VERSION = 5.0;
				TARGETED_DEVICE_FAMILY = "1,2";
				TEST_HOST = "$(BUILT_PRODUCTS_DIR)/PokeQuiz.app/PokeQuiz";
			};
			name = Release;
		};
/* End XCBuildConfiguration section */

/* Begin XCConfigurationList section */
		407C519022991F7A00FF3F13 /* Build configuration list for PBXProject "PokeQuiz" */ = {
			isa = XCConfigurationList;
			buildConfigurations = (
				407C51B022991F7D00FF3F13 /* Debug */,
				407C51B122991F7D00FF3F13 /* Release */,
			);
			defaultConfigurationIsVisible = 0;
			defaultConfigurationName = Release;
		};
		407C51B222991F7D00FF3F13 /* Build configuration list for PBXNativeTarget "PokeQuiz" */ = {
			isa = XCConfigurationList;
			buildConfigurations = (
				407C51B322991F7D00FF3F13 /* Debug */,
				407C51B422991F7D00FF3F13 /* Release */,
			);
			defaultConfigurationIsVisible = 0;
			defaultConfigurationName = Release;
		};
		407C51B522991F7D00FF3F13 /* Build configuration list for PBXNativeTarget "PokeQuizTests" */ = {
			isa = XCConfigurationList;
			buildConfigurations = (
				407C51B622991F7D00FF3F13 /* Debug */,
				407C51B722991F7D00FF3F13 /* Release */,
			);
			defaultConfigurationIsVisible = 0;
			defaultConfigurationName = Release;
		};
/* End XCConfigurationList section */
	};
	rootObject = 407C518D22991F7A00FF3F13 /* Project object */;
}
